
Microsoft Visual Studio Solution File, Format Version 12.00
# Visual Studio Version 17
VisualStudioVersion = 17.11.35208.52
MinimumVisualStudioVersion = 10.0.40219.1
Project("{FAE04EC0-301F-11D3-BF4B-00C04F79EFBC}") = "LocalizationDecoupler", "LocalizationDecoupler\LocalizationDecoupler.csproj", "{87902859-2A64-4963-A971-4D66F3186E3D}"
EndProject
Global
	GlobalSection(SolutionConfigurationPlatforms) = preSolution
		Debug|Any CPU = Debug|Any CPU
		Release|Any CPU = Release|Any CPU
	EndGlobalSection
	GlobalSection(ProjectConfigurationPlatforms) = postSolution
		{87902859-2A64-4963-A971-4D66F3186E3D}.Debug|Any CPU.ActiveCfg = Debug|Any CPU
		{87902859-2A64-4963-A971-4D66F3186E3D}.Debug|Any CPU.Build.0 = Debug|Any CPU
		{87902859-2A64-4963-A971-4D66F3186E3D}.Release|Any CPU.ActiveCfg = Release|Any CPU
		{87902859-2A64-4963-A971-4D66F3186E3D}.Release|Any CPU.Build.0 = Release|Any CPU
	EndGlobalSection
	GlobalSection(SolutionProperties) = preSolution
		HideSolutionNode = FALSE
	EndGlobalSection
	GlobalSection(ExtensibilityGlobals) = postSolution
		SolutionGuid = {C0C3B99C-1F50-4962-A5C8-5A6E69357701}
	EndGlobalSection
EndGlobal
